cloud.google.com/go v0.0.0-20170309001835-7bcba8ac93ae h1:U3TnqacAp6GHSIzSao+6xTEZxyvc+oqr8dYkkH6zKmc=
cloud.google.com/go v0.0.0-20170309001835-7bcba8ac93ae/go.mod h1:aQUYkXzVsufM+DwF1aE+0xfcU+56JwCaLick0ClmMTw=
github.com/alecthomas/template v0.0.0-20150530000104-b867cc6ab45c h1:WuIar4doi9p1AKcJ3oDihD5JFxEMj2sxLCQsdx4DxGo=
github.com/alecthomas/template v0.0.0-20150530000104-b867cc6ab45c/go.mod h1:LOuyumcjzFXgccqObfd/Ljyb9UuFJ6TxHnclSeseNhc=
github.com/alecthomas/units v0.0.0-20150109002421-6b4e7dc5e314 h1:NWdGjCRUTTqEqDwJRojRLiwXDW1ZJM2DSiyGfBWx874=
github.com/alecthomas/units v0.0.0-20150109002421-6b4e7dc5e314/go.mod h1:ybxpYRFXyAe+OPACYpWeL0wqObRcbAqCMya13uyzqw0=
github.com/golang/protobuf v0.0.0-20170307001533-c9c7427a2a70 h1:WKo1/VPcI3cbJwnIHISxazgDxbw+UIrktU3zNxzcp4c=
github.com/golang/protobuf v0.0.0-20170307001533-c9c7427a2a70/go.mod h1:6lQm79b+lXiMfvg/cZm0SGofjICqVBUtrP5yJMmIC1U=
github.com/googleapis/gax-go v0.0.0-20170305230405-8c5154c0fe5b h1:v7wZg6KtYZHQ7eicIx8/6l03MCxqC3y1iGE5Qy39aQY=
github.com/googleapis/gax-go v0.0.0-20170305230405-8c5154c0fe5b/go.mod h1:SFVmujtThgffbyetf+mdk2eWhX2bMyUtNHzFKcPA9HY=
github.com/opentracing/opentracing-go v1.0.2 h1:3jA2P6O1F9UOrWVpwrIo17pu01KWvNWg4X946/Y5Zwg=
github.com/opentracing/opentracing-go v1.0.2/go.mod h1:UkNAQd3GIcIGf0SeVgPpRdFStlNbqXla1AfSYxPUl2o=
github.com/samuel/go-zookeeper v0.0.0-20161028232340-1d7be4effb13 h1:4AQBn5RJY4WH8t8TLEMZUsWeXHAUcoao42TCAfpEJJE=
github.com/samuel/go-zookeeper v0.0.0-20161028232340-1d7be4effb13/go.mod h1:gi+0XIa01GRL2eRQVjQkKGqKF3SF9vZR/HnPullcV2E=
golang.org/x/net v0.0.0-20170308210134-a6577fac2d73 h1:5kGFsglTK4KqaHYb/WCmYmj+Gm1+dzbilbtzruHj6dw=
golang.org/x/net v0.0.0-20170308210134-a6577fac2d73/go.mod h1:mL1N/T3taQHkDXs73rZJwtUhF3w3ftmwwsq0BUmARs4=
golang.org/x/oauth2 v0.0.0-20170302202304-efb10a30610e h1:B703Cy0NUPHiFSmjWtOLpigF6SzPWMFDTJRm+8dChgY=
golang.org/x/oauth2 v0.0.0-20170302202304-efb10a30610e/go.mod h1:N/0e6XlmueqKjAGxoOufVs8QHGRruUQn6yWY3a++T0U=
google.golang.org/api v0.0.0-20170308235209-f093df3d954a h1:8+KtbdiuV0jnk1wYOEAhKsIezzU91AvtUc4j1HV3FpU=
google.golang.org/api v0.0.0-20170308235209-f093df3d954a/go.mod h1:4mhQ8q/RsB7i+udVvVy5NUi08OU8ZlA0gRVgrF7VFY0=
google.golang.org/appengine v1.0.0 h1:dN4LljjBKVChsv0XCSI+zbyzdqrkEwX5LQFUMRSGqOc=
google.golang.org/appengine v1.0.0/go.mod h1:EbEs0AVv82hx2wNQdGPgUI5lhzA/G0D9YwlJXL52JkM=
google.golang.org/genproto v0.0.0-20170303204730-1e95789587db h1:oHB54AVqrt6U7HvRSRHZUqku/Ba/e03zH4Xboiodxdg=
google.golang.org/genproto v0.0.0-20170303204730-1e95789587db/go.mod h1:JiN7NxoALGmiZfu7CAH4rXhgtRTLTxftemlI0sWmxmc=
google.golang.org/grpc v0.0.0-20170307005400-4eaacfed9779 h1:3xw05ucQGkMxmxKduQGjmLqBSwWcKB9s2FwS4mGiKyQ=
google.golang.org/grpc v0.0.0-20170307005400-4eaacfed9779/go.mod h1:yo6s7OP7yaDglbqo1J04qKzAhqBH6lvTonzMVmEdcZw=
gopkg.in/alecthomas/kingpin.v2 v2.2.3 h1:/L3oK40poPRwke0Ipa6qqf8n+awu60Vl3DMe+3jLDt4=
gopkg.in/alecthomas/kingpin.v2 v2.2.3/go.mod h1:FMv+mEhP44yOT+4EoQTLFTRgOQ1FBLkstjWtayDeSgw=
gopkg.in/redis.v5 v5.2.7 h1:uSF0VCKekjBAxSHRMVGgS8gyRsumywOLeud8f/eSDg0=
gopkg.in/redis.v5 v5.2.7/go.mod h1:6gtv0/+A4iM08kdRfocWYB3bLX2tebpNtfKlFT6H4mY=
gopkg.in/yaml.v2 v2.0.0-20160928153709-a5b47d31c556 h1:hKXbLW5oaJoQgs8KrzTLdF4PoHi+0oQPgea9TNtvE3E=
gopkg.in/yaml.v2 v2.0.0-20160928153709-a5b47d31c556/go.mod h1:JAlM8MvJe8wmxCU4Bli9HhUf9+ttbYbLASfIpnQbh74=
