# This file is autogenerated, do not edit; changes may be undone by the next 'dep ensure'.


[[projects]]
  name = "cloud.google.com/go"
  packages = [
    "compute/metadata",
    "datastore",
    "internal",
    "internal/atomiccache",
    "internal/fields",
    "internal/version"
  ]
  revision = "7bcba8ac93ae2c1b8b040f2e53f363cf8e659173"

[[projects]]
  name = "github.com/alecthomas/template"
  packages = [
    ".",
    "parse"
  ]
  revision = "b867cc6ab45cece8143cfcc6fc9c77cf3f2c23c0"

[[projects]]
  name = "github.com/alecthomas/units"
  packages = ["."]
  revision = "6b4e7dc5e3143b85ea77909c72caf89416fc2915"

[[projects]]
  name = "github.com/golang/protobuf"
  packages = [
    "proto",
    "protoc-gen-go/descriptor",
    "ptypes/struct",
    "ptypes/timestamp",
    "ptypes/wrappers"
  ]
  revision = "c9c7427a2a70d2eb3bafa0ab2dc163e45f143317"

[[projects]]
  name = "github.com/googleapis/gax-go"
  packages = ["."]
  revision = "8c5154c0fe5bf18cf649634d4c6df50897a32751"

[[projects]]
  name = "github.com/samuel/go-zookeeper"
  packages = ["zk"]
  revision = "1d7be4effb13d2d908342d349d71a284a7542693"

[[projects]]
  name = "golang.org/x/net"
  packages = [
    "context",
    "context/ctxhttp",
    "http2",
    "http2/hpack",
    "idna",
    "internal/timeseries",
    "lex/httplex",
    "trace"
  ]
  revision = "a6577fac2d73be281a500b310739095313165611"

[[projects]]
  name = "golang.org/x/oauth2"
  packages = [
    ".",
    "google",
    "internal",
    "jws",
    "jwt"
  ]
  revision = "efb10a30610e617dbb17fc243f4cc61a8cfa2903"

[[projects]]
  name = "google.golang.org/api"
  packages = [
    "googleapi/transport",
    "internal",
    "iterator",
    "option",
    "transport"
  ]
  revision = "f093df3d954a6024843c4a47c4410a2cb7af85aa"

[[projects]]
  name = "google.golang.org/appengine"
  packages = [
    ".",
    "internal",
    "internal/app_identity",
    "internal/base",
    "internal/datastore",
    "internal/log",
    "internal/modules",
    "internal/remote_api",
    "internal/socket",
    "internal/urlfetch",
    "socket",
    "urlfetch"
  ]
  revision = "150dc57a1b433e64154302bdc40b6bb8aefa313a"
  version = "v1.0.0"

[[projects]]
  name = "google.golang.org/genproto"
  packages = [
    "googleapis/api/annotations",
    "googleapis/datastore/v1",
    "googleapis/type/latlng"
  ]
  revision = "1e95789587db7d93ebbaa5eb65da17d3dbf8ab64"

[[projects]]
  name = "google.golang.org/grpc"
  packages = [
    ".",
    "codes",
    "credentials",
    "credentials/oauth",
    "grpclog",
    "internal",
    "keepalive",
    "metadata",
    "naming",
    "peer",
    "stats",
    "tap",
    "transport"
  ]
  revision = "4eaacfed9779ee7568c9e72e9f763dbd3af8e0b4"

[[projects]]
  name = "gopkg.in/alecthomas/kingpin.v2"
  packages = ["."]
  revision = "e9044be3ab2a8e11d4e1f418d12f0790d57e8d70"
  version = "v2.2.3"

[[projects]]
  name = "gopkg.in/redis.v5"
  packages = [
    ".",
    "internal",
    "internal/consistenthash",
    "internal/hashtag",
    "internal/pool",
    "internal/proto"
  ]
  revision = "cbad034630445e15fbcaa7e9904064dd67bce69b"
  version = "v5.2.7"

[[projects]]
  name = "gopkg.in/yaml.v2"
  packages = ["."]
  revision = "a5b47d31c556af34a302ce5d659e6fea44d90de0"

[solve-meta]
  analyzer-name = "dep"
  analyzer-version = 1
  inputs-digest = "e240debcc80872027e3def7a73f0a8ff805ac95d1c3cc8350347f60fca26aeb1"
  solver-name = "gps-cdcl"
  solver-version = 1
